
Microsoft Visual Studio Solution File, Format Version 12.00
# Visual Studio Version 16
VisualStudioVersion = 16.0.30711.63
MinimumVisualStudioVersion = 10.0.40219.1
Project("{FAE04EC0-301F-11D3-BF4B-00C04F79EFBC}") = "JewelleryStore", "JewelleryStore\JewelleryStore.csproj", "{D6501FB1-75F2-47B4-8989-B2E889FC582D}"
EndProject
Global
	GlobalSection(SolutionConfigurationPlatforms) = preSolution
		Debug|Any CPU = Debug|Any CPU
		Release|Any CPU = Release|Any CPU
	EndGlobalSection
	GlobalSection(ProjectConfigurationPlatforms) = postSolution
		{D6501FB1-75F2-47B4-8989-B2E889FC582D}.Debug|Any CPU.ActiveCfg = Debug|Any CPU
		{D6501FB1-75F2-47B4-8989-B2E889FC582D}.Debug|Any CPU.Build.0 = Debug|Any CPU
		{D6501FB1-75F2-47B4-8989-B2E889FC582D}.Release|Any CPU.ActiveCfg = Release|Any CPU
		{D6501FB1-75F2-47B4-8989-B2E889FC582D}.Release|Any CPU.Build.0 = Release|Any CPU
	EndGlobalSection
	GlobalSection(SolutionProperties) = preSolution
		HideSolutionNode = FALSE
	EndGlobalSection
	GlobalSection(ExtensibilityGlobals) = postSolution
		SolutionGuid = {6E156824-B85B-49EF-A073-A6399341B898}
	EndGlobalSection
EndGlobal
